
Microsoft Visual Studio Solution File, Format Version 12.00
# Visual Studio Version 17
VisualStudioVersion = 17.0.31808.319
MinimumVisualStudioVersion = 10.0.40219.1
Project("{FAE04EC0-301F-11D3-BF4B-00C04F79EFBC}") = "VSCode WSL Launcher", "VSCode WSL Launcher.csproj", "{4AEF2DD3-3D73-496D-9846-399A7A7FC8B7}"
EndProject
Project("{840C416C-B8F3-42BC-B0DD-F6BB14C9F8CB}") = "Installer", "..\Installer\Installer.aiproj", "{AB4F48B5-FAF5-469F-A20E-BC42E5C89714}"
EndProject
Global
	GlobalSection(SolutionConfigurationPlatforms) = preSolution
		All|Any CPU = All|Any CPU
		All|x64 = All|x64
		Debug|Any CPU = Debug|Any CPU
		Debug|x64 = Debug|x64
		Release|Any CPU = Release|Any CPU
		Release|x64 = Release|x64
	EndGlobalSection
	GlobalSection(ProjectConfigurationPlatforms) = postSolution
		{4AEF2DD3-3D73-496D-9846-399A7A7FC8B7}.All|Any CPU.ActiveCfg = Release|Any CPU
		{4AEF2DD3-3D73-496D-9846-399A7A7FC8B7}.All|Any CPU.Build.0 = Release|Any CPU
		{4AEF2DD3-3D73-496D-9846-399A7A7FC8B7}.All|x64.ActiveCfg = Release|x64
		{4AEF2DD3-3D73-496D-9846-399A7A7FC8B7}.All|x64.Build.0 = Release|x64
		{4AEF2DD3-3D73-496D-9846-399A7A7FC8B7}.Debug|Any CPU.ActiveCfg = Debug|Any CPU
		{4AEF2DD3-3D73-496D-9846-399A7A7FC8B7}.Debug|Any CPU.Build.0 = Debug|Any CPU
		{4AEF2DD3-3D73-496D-9846-399A7A7FC8B7}.Debug|x64.ActiveCfg = Debug|x64
		{4AEF2DD3-3D73-496D-9846-399A7A7FC8B7}.Debug|x64.Build.0 = Debug|x64
		{4AEF2DD3-3D73-496D-9846-399A7A7FC8B7}.Release|Any CPU.ActiveCfg = Release|Any CPU
		{4AEF2DD3-3D73-496D-9846-399A7A7FC8B7}.Release|Any CPU.Build.0 = Release|Any CPU
		{4AEF2DD3-3D73-496D-9846-399A7A7FC8B7}.Release|x64.ActiveCfg = Release|x64
		{4AEF2DD3-3D73-496D-9846-399A7A7FC8B7}.Release|x64.Build.0 = Release|x64
		{AB4F48B5-FAF5-469F-A20E-BC42E5C89714}.All|Any CPU.ActiveCfg = DefaultBuild
		{AB4F48B5-FAF5-469F-A20E-BC42E5C89714}.All|x64.ActiveCfg = DefaultBuild
		{AB4F48B5-FAF5-469F-A20E-BC42E5C89714}.Debug|Any CPU.ActiveCfg = DefaultBuild
		{AB4F48B5-FAF5-469F-A20E-BC42E5C89714}.Debug|x64.ActiveCfg = DefaultBuild
		{AB4F48B5-FAF5-469F-A20E-BC42E5C89714}.Release|Any CPU.ActiveCfg = DefaultBuild
		{AB4F48B5-FAF5-469F-A20E-BC42E5C89714}.Release|x64.ActiveCfg = DefaultBuild
		{AB4F48B5-FAF5-469F-A20E-BC42E5C89714}.Release|x64.Build.0 = DefaultBuild
	EndGlobalSection
	GlobalSection(SolutionProperties) = preSolution
		HideSolutionNode = FALSE
	EndGlobalSection
	GlobalSection(ExtensibilityGlobals) = postSolution
		SolutionGuid = {24FF4B1D-1929-49EE-87A0-1842C89A4B07}
	EndGlobalSection
EndGlobal
